
Microsoft Visual Studio Solution File, Format Version 12.00
# Visual Studio Version 16
VisualStudioVersion = 16.0.32630.194
MinimumVisualStudioVersion = 10.0.40219.1
Project("{FAE04EC0-301F-11D3-BF4B-00C04F79EFBC}") = "TaskManager", "TaskManager\TaskManager.csproj", "{093A5686-A13C-49D0-A953-939DB60A92B7}"
EndProject
Global
	GlobalSection(SolutionConfigurationPlatforms) = preSolution
		Debug|Any CPU = Debug|Any CPU
		Release|Any CPU = Release|Any CPU
	EndGlobalSection
	GlobalSection(ProjectConfigurationPlatforms) = postSolution
		{093A5686-A13C-49D0-A953-939DB60A92B7}.Debug|Any CPU.ActiveCfg = Debug|Any CPU
		{093A5686-A13C-49D0-A953-939DB60A92B7}.Debug|Any CPU.Build.0 = Debug|Any CPU
		{093A5686-A13C-49D0-A953-939DB60A92B7}.Release|Any CPU.ActiveCfg = Release|Any CPU
		{093A5686-A13C-49D0-A953-939DB60A92B7}.Release|Any CPU.Build.0 = Release|Any CPU
	EndGlobalSection
	GlobalSection(SolutionProperties) = preSolution
		HideSolutionNode = FALSE
	EndGlobalSection
	GlobalSection(ExtensibilityGlobals) = postSolution
		SolutionGuid = {C3177885-E4EA-4C10-96C0-0A956CA57661}
	EndGlobalSection
EndGlobal
